// !$*UTF8*$!
{
	archiveVersion = 1;
	classes = {
	};
	objectVersion = 50;
	objects = {

/* Begin PBXBuildFile section */
		DBBC0759219280F7002B97FA /* ReadAloudParser.m in Sources */ = {isa = PBXBuildFile; fileRef = DBBC0758219280F7002B97FA /* ReadAloudParser.m */; };
		DBBC075F219289AE002B97FA /* ReadChapterModel.m in Sources */ = {isa = PBXBuildFile; fileRef = DBBC075E219289AE002B97FA /* ReadChapterModel.m */; };
		DBCBABA42194120F00341B29 /* SetingViewController.m in Sources */ = {isa = PBXBuildFile; fileRef = DBCBABA32194120F00341B29 /* SetingViewController.m */; };
		DBCBABA6219438D400341B29 /* 星辰变(内置).txt in Resources */ = {isa = PBXBuildFile; fileRef = DBCBABA5219438D400341B29 /* 星辰变(内置).txt */; };
		DBCBABB221956CAD00341B29 /* NotificationCenter.framework in Frameworks */ = {isa = PBXBuildFile; fileRef = DBCBABB121956CAD00341B29 /* NotificationCenter.framework */; };
		DBCBABB621956CAD00341B29 /* TodayViewController.m in Sources */ = {isa = PBXBuildFile; fileRef = DBCBABB521956CAD00341B29 /* TodayViewController.m */; };
		DBCBABBD21956CAD00341B29 /* TodayWidget.appex in Embed App Extensions */ = {isa = PBXBuildFile; fileRef = DBCBABB021956CAD00341B29 /* TodayWidget.appex */; settings = {ATTRIBUTES = (RemoveHeadersOnCopy, ); }; };
		DBCBABCD21958B1200341B29 /* IntentHandler.m in Sources */ = {isa = PBXBuildFile; fileRef = DBCBABCC21958B1200341B29 /* IntentHandler.m */; };
		DBCBABD521958B1200341B29 /* IntentsUI.framework in Frameworks */ = {isa = PBXBuildFile; fileRef = DBCBABD421958B1200341B29 /* IntentsUI.framework */; };
		DBCBABD921958B1200341B29 /* IntentViewController.m in Sources */ = {isa = PBXBuildFile; fileRef = DBCBABD821958B1200341B29 /* IntentViewController.m */; };
		DBCBABDC21958B1200341B29 /* MainInterface.storyboard in Resources */ = {isa = PBXBuildFile; fileRef = DBCBABDA21958B1200341B29 /* MainInterface.storyboard */; };
		DBCBABE021958B1200341B29 /* SiriIntentsExtensionUI.appex in Embed App Extensions */ = {isa = PBXBuildFile; fileRef = DBCBABD321958B1200341B29 /* SiriIntentsExtensionUI.appex */; settings = {ATTRIBUTES = (RemoveHeadersOnCopy, ); }; };
		DBCBABE321958B1200341B29 /* SiriIntentsExtension.appex in Embed App Extensions */ = {isa = PBXBuildFile; fileRef = DBCBABC921958B1200341B29 /* SiriIntentsExtension.appex */; settings = {ATTRIBUTES = (RemoveHeadersOnCopy, ); }; };
		DBF092F32196E296003F0159 /* Interface.storyboard in Resources */ = {isa = PBXBuildFile; fileRef = DBF092F12196E296003F0159 /* Interface.storyboard */; };
		DBF092F52196E297003F0159 /* Assets.xcassets in Resources */ = {isa = PBXBuildFile; fileRef = DBF092F42196E297003F0159 /* Assets.xcassets */; };
		DBF092FC2196E297003F0159 /* Witch Extension.appex in Embed App Extensions */ = {isa = PBXBuildFile; fileRef = DBF092FB2196E297003F0159 /* Witch Extension.appex */; settings = {ATTRIBUTES = (RemoveHeadersOnCopy, ); }; };
		DBF093022196E297003F0159 /* InterfaceController.m in Sources */ = {isa = PBXBuildFile; fileRef = DBF093012196E297003F0159 /* InterfaceController.m */; };
		DBF093052196E297003F0159 /* ExtensionDelegate.m in Sources */ = {isa = PBXBuildFile; fileRef = DBF093042196E297003F0159 /* ExtensionDelegate.m */; };
		DBF093082196E297003F0159 /* NotificationController.m in Sources */ = {isa = PBXBuildFile; fileRef = DBF093072196E297003F0159 /* NotificationController.m */; };
		DBF0930A2196E298003F0159 /* Assets.xcassets in Resources */ = {isa = PBXBuildFile; fileRef = DBF093092196E298003F0159 /* Assets.xcassets */; };
		DBF0930F2196E298003F0159 /* Witch.app in Embed Watch Content */ = {isa = PBXBuildFile; fileRef = DBF092EF2196E295003F0159 /* Witch.app */; };
		DBF9DDC221916ADD0030D1AE /* AppDelegate.m in Sources */ = {isa = PBXBuildFile; fileRef = DBF9DDC121916ADD0030D1AE /* AppDelegate.m */; };
		DBF9DDC821916ADD0030D1AE /* Main.storyboard in Resources */ = {isa = PBXBuildFile; fileRef = DBF9DDC621916ADD0030D1AE /* Main.storyboard */; };
		DBF9DDCA21916AE00030D1AE /* Assets.xcassets in Resources */ = {isa = PBXBuildFile; fileRef = DBF9DDC921916AE00030D1AE /* Assets.xcassets */; };
		DBF9DDD021916AE00030D1AE /* main.m in Sources */ = {isa = PBXBuildFile; fileRef = DBF9DDCF21916AE00030D1AE /* main.m */; };
		DBF9DDDA21916AE00030D1AE /* ReadAloudTests.m in Sources */ = {isa = PBXBuildFile; fileRef = DBF9DDD921916AE00030D1AE /* ReadAloudTests.m */; };
		DBF9DDE521916AE00030D1AE /* ReadAloudUITests.m in Sources */ = {isa = PBXBuildFile; fileRef = DBF9DDE421916AE00030D1AE /* ReadAloudUITests.m */; };
		DBF9DDF821916C260030D1AE /* BooklistViewController.m in Sources */ = {isa = PBXBuildFile; fileRef = DBF9DDF721916C260030D1AE /* BooklistViewController.m */; };
		DBF9DDFF219176820030D1AE /* ReadBookModel.m in Sources */ = {isa = PBXBuildFile; fileRef = DBF9DDFE219176820030D1AE /* ReadBookModel.m */; };
		DBF9DE0221917F390030D1AE /* AVFoundation.framework in Frameworks */ = {isa = PBXBuildFile; fileRef = DBF9DE0121917F390030D1AE /* AVFoundation.framework */; };
		DBF9DE05219183B00030D1AE /* ReadAloudManager.m in Sources */ = {isa = PBXBuildFile; fileRef = DBF9DE04219183B00030D1AE /* ReadAloudManager.m */; };
		DBF9DE0A2191886E0030D1AE /* ZNload.gif in Resources */ = {isa = PBXBuildFile; fileRef = DBF9DE072191886D0030D1AE /* ZNload.gif */; };
		DBF9DE0E2191887C0030D1AE /* ZJCustomHud.m in Sources */ = {isa = PBXBuildFile; fileRef = DBF9DE0D2191887C0030D1AE /* ZJCustomHud.m */; };
		DBF9DE12219189990030D1AE /* ZNUtil.m in Sources */ = {isa = PBXBuildFile; fileRef = DBF9DE11219189990030D1AE /* ZNUtil.m */; };
		DBF9DE142191977E0030D1AE /* Launch Screen.storyboard in Resources */ = {isa = PBXBuildFile; fileRef = DBF9DE132191977E0030D1AE /* Launch Screen.storyboard */; };
		DBF9DE1721919D630030D1AE /* ReadViewController.m in Sources */ = {isa = PBXBuildFile; fileRef = DBF9DE1621919D630030D1AE /* ReadViewController.m */; };
/* End PBXBuildFile section */

/* Begin PBXContainerItemProxy section */
		DBCBABBB21956CAD00341B29 /* PBXContainerItemProxy */ = {
			isa = PBXContainerItemProxy;
			containerPortal = DBF9DDB521916ADD0030D1AE /* Project object */;
			proxyType = 1;
			remoteGlobalIDString = DBCBABAF21956CAD00341B29;
			remoteInfo = TodayWidget;
		};
		DBCBABDE21958B1200341B29 /* PBXContainerItemProxy */ = {
			isa = PBXContainerItemProxy;
			containerPortal = DBF9DDB521916ADD0030D1AE /* Project object */;
			proxyType = 1;
			remoteGlobalIDString = DBCBABD221958B1200341B29;
			remoteInfo = SiriIntentsExtensionUI;
		};
		DBCBABE121958B1200341B29 /* PBXContainerItemProxy */ = {
			isa = PBXContainerItemProxy;
			containerPortal = DBF9DDB521916ADD0030D1AE /* Project object */;
			proxyType = 1;
			remoteGlobalIDString = DBCBABC821958B1200341B29;
			remoteInfo = SiriIntentsExtension;
		};
		DBF092FD2196E297003F0159 /* PBXContainerItemProxy */ = {
			isa = PBXContainerItemProxy;
			containerPortal = DBF9DDB521916ADD0030D1AE /* Project object */;
			proxyType = 1;
			remoteGlobalIDString = DBF092FA2196E297003F0159;
			remoteInfo = "Witch Extension";
		};
		DBF0930D2196E298003F0159 /* PBXContainerItemProxy */ = {
			isa = PBXContainerItemProxy;
			containerPortal = DBF9DDB521916ADD0030D1AE /* Project object */;
			proxyType = 1;
			remoteGlobalIDString = DBF092EE2196E295003F0159;
			remoteInfo = Witch;
		};
		DBF9DDD621916AE00030D1AE /* PBXContainerItemProxy */ = {
			isa = PBXContainerItemProxy;
			containerPortal = DBF9DDB521916ADD0030D1AE /* Project object */;
			proxyType = 1;
			remoteGlobalIDString = DBF9DDBC21916ADD0030D1AE;
			remoteInfo = ReadAloud;
		};
		DBF9DDE121916AE00030D1AE /* PBXContainerItemProxy */ = {
			isa = PBXContainerItemProxy;
			containerPortal = DBF9DDB521916ADD0030D1AE /* Project object */;
			proxyType = 1;
			remoteGlobalIDString = DBF9DDBC21916ADD0030D1AE;
			remoteInfo = ReadAloud;
		};
/* End PBXContainerItemProxy section */

/* Begin PBXCopyFilesBuildPhase section */
		DBCBABC121956CAD00341B29 /* Embed App Extensions */ = {
			isa = PBXCopyFilesBuildPhase;
			buildActionMask = 2147483647;
			dstPath = "";
			dstSubfolderSpec = 13;
			files = (
				DBCBABBD21956CAD00341B29 /* TodayWidget.appex in Embed App Extensions */,
				DBCBABE321958B1200341B29 /* SiriIntentsExtension.appex in Embed App Extensions */,
				DBCBABE021958B1200341B29 /* SiriIntentsExtensionUI.appex in Embed App Extensions */,
			);
			name = "Embed App Extensions";
			runOnlyForDeploymentPostprocessing = 0;
		};
		DBF093152196E298003F0159 /* Embed App Extensions */ = {
			isa = PBXCopyFilesBuildPhase;
			buildActionMask = 2147483647;
			dstPath = "";
			dstSubfolderSpec = 13;
			files = (
				DBF092FC2196E297003F0159 /* Witch Extension.appex in Embed App Extensions */,
			);
			name = "Embed App Extensions";
			runOnlyForDeploymentPostprocessing = 0;
		};
		DBF093172196E298003F0159 /* Embed Watch Content */ = {
			isa = PBXCopyFilesBuildPhase;
			buildActionMask = 2147483647;
			dstPath = "$(CONTENTS_FOLDER_PATH)/Watch";
			dstSubfolderSpec = 16;
			files = (
				DBF0930F2196E298003F0159 /* Witch.app in Embed Watch Content */,
			);
			name = "Embed Watch Content";
			runOnlyForDeploymentPostprocessing = 0;
		};
/* End PBXCopyFilesBuildPhase section */

/* Begin PBXFileReference section */
		DBBC0757219280F7002B97FA /* ReadAloudParser.h */ = {isa = PBXFileReference; lastKnownFileType = sourcecode.c.h; path = ReadAloudParser.h; sourceTree = "<group>"; };
		DBBC0758219280F7002B97FA /* ReadAloudParser.m */ = {isa = PBXFileReference; lastKnownFileType = sourcecode.c.objc; path = ReadAloudParser.m; sourceTree = "<group>"; };
		DBBC075D219289AE002B97FA /* ReadChapterModel.h */ = {isa = PBXFileReference; lastKnownFileType = sourcecode.c.h; path = ReadChapterModel.h; sourceTree = "<group>"; };
		DBBC075E219289AE002B97FA /* ReadChapterModel.m */ = {isa = PBXFileReference; lastKnownFileType = sourcecode.c.objc; path = ReadChapterModel.m; sourceTree = "<group>"; };
		DBCBABA22194120F00341B29 /* SetingViewController.h */ = {isa = PBXFileReference; lastKnownFileType = sourcecode.c.h; path = SetingViewController.h; sourceTree = "<group>"; };
		DBCBABA32194120F00341B29 /* SetingViewController.m */ = {isa = PBXFileReference; lastKnownFileType = sourcecode.c.objc; path = SetingViewController.m; sourceTree = "<group>"; };
		DBCBABA5219438D400341B29 /* 星辰变(内置).txt */ = {isa = PBXFileReference; fileEncoding = 4; lastKnownFileType = text; path = "星辰变(内置).txt"; sourceTree = "<group>"; };
		DBCBABAB219553A600341B29 /* ReadAloud.entitlements */ = {isa = PBXFileReference; lastKnownFileType = text.plist.entitlements; path = ReadAloud.entitlements; sourceTree = "<group>"; };
		DBCBABB021956CAD00341B29 /* TodayWidget.appex */ = {isa = PBXFileReference; explicitFileType = "wrapper.app-extension"; includeInIndex = 0; path = TodayWidget.appex; sourceTree = BUILT_PRODUCTS_DIR; };
		DBCBABB121956CAD00341B29 /* NotificationCenter.framework */ = {isa = PBXFileReference; lastKnownFileType = wrapper.framework; name = NotificationCenter.framework; path = System/Library/Frameworks/NotificationCenter.framework; sourceTree = SDKROOT; };
		DBCBABB421956CAD00341B29 /* TodayViewController.h */ = {isa = PBXFileReference; lastKnownFileType = sourcecode.c.h; path = TodayViewController.h; sourceTree = "<group>"; };
		DBCBABB521956CAD00341B29 /* TodayViewController.m */ = {isa = PBXFileReference; lastKnownFileType = sourcecode.c.objc; path = TodayViewController.m; sourceTree = "<group>"; };
		DBCBABBA21956CAD00341B29 /* Info.plist */ = {isa = PBXFileReference; lastKnownFileType = text.plist.xml; path = Info.plist; sourceTree = "<group>"; };
		DBCBABC42195746400341B29 /* TodayWidget.entitlements */ = {isa = PBXFileReference; lastKnownFileType = text.plist.entitlements; path = TodayWidget.entitlements; sourceTree = "<group>"; };
		DBCBABC921958B1200341B29 /* SiriIntentsExtension.appex */ = {isa = PBXFileReference; explicitFileType = "wrapper.app-extension"; includeInIndex = 0; path = SiriIntentsExtension.appex; sourceTree = BUILT_PRODUCTS_DIR; };
		DBCBABCB21958B1200341B29 /* IntentHandler.h */ = {isa = PBXFileReference; lastKnownFileType = sourcecode.c.h; path = IntentHandler.h; sourceTree = "<group>"; };
		DBCBABCC21958B1200341B29 /* IntentHandler.m */ = {isa = PBXFileReference; lastKnownFileType = sourcecode.c.objc; path = IntentHandler.m; sourceTree = "<group>"; };
		DBCBABCE21958B1200341B29 /* Info.plist */ = {isa = PBXFileReference; lastKnownFileType = text.plist.xml; path = Info.plist; sourceTree = "<group>"; };
		DBCBABD321958B1200341B29 /* SiriIntentsExtensionUI.appex */ = {isa = PBXFileReference; explicitFileType = "wrapper.app-extension"; includeInIndex = 0; path = SiriIntentsExtensionUI.appex; sourceTree = BUILT_PRODUCTS_DIR; };
		DBCBABD421958B1200341B29 /* IntentsUI.framework */ = {isa = PBXFileReference; lastKnownFileType = wrapper.framework; name = IntentsUI.framework; path = System/Library/Frameworks/IntentsUI.framework; sourceTree = SDKROOT; };
		DBCBABD721958B1200341B29 /* IntentViewController.h */ = {isa = PBXFileReference; lastKnownFileType = sourcecode.c.h; path = IntentViewController.h; sourceTree = "<group>"; };
		DBCBABD821958B1200341B29 /* IntentViewController.m */ = {isa = PBXFileReference; lastKnownFileType = sourcecode.c.objc; path = IntentViewController.m; sourceTree = "<group>"; };
		DBCBABDB21958B1200341B29 /* Base */ = {isa = PBXFileReference; lastKnownFileType = file.storyboard; name = Base; path = Base.lproj/MainInterface.storyboard; sourceTree = "<group>"; };
		DBCBABDD21958B1200341B29 /* Info.plist */ = {isa = PBXFileReference; lastKnownFileType = text.plist.xml; path = Info.plist; sourceTree = "<group>"; };
		DBF092EF2196E295003F0159 /* Witch.app */ = {isa = PBXFileReference; explicitFileType = wrapper.application; includeInIndex = 0; path = Witch.app; sourceTree = BUILT_PRODUCTS_DIR; };
		DBF092F22196E296003F0159 /* Base */ = {isa = PBXFileReference; lastKnownFileType = file.storyboard; name = Base; path = Base.lproj/Interface.storyboard; sourceTree = "<group>"; };
		DBF092F42196E297003F0159 /* Assets.xcassets */ = {isa = PBXFileReference; lastKnownFileType = folder.assetcatalog; path = Assets.xcassets; sourceTree = "<group>"; };
		DBF092F62196E297003F0159 /* Info.plist */ = {isa = PBXFileReference; lastKnownFileType = text.plist.xml; path = Info.plist; sourceTree = "<group>"; };
		DBF092FB2196E297003F0159 /* Witch Extension.appex */ = {isa = PBXFileReference; explicitFileType = "wrapper.app-extension"; includeInIndex = 0; path = "Witch Extension.appex"; sourceTree = BUILT_PRODUCTS_DIR; };
		DBF093002196E297003F0159 /* InterfaceController.h */ = {isa = PBXFileReference; lastKnownFileType = sourcecode.c.h; path = InterfaceController.h; sourceTree = "<group>"; };
		DBF093012196E297003F0159 /* InterfaceController.m */ = {isa = PBXFileReference; lastKnownFileType = sourcecode.c.objc; path = InterfaceController.m; sourceTree = "<group>"; };
		DBF093032196E297003F0159 /* ExtensionDelegate.h */ = {isa = PBXFileReference; lastKnownFileType = sourcecode.c.h; path = ExtensionDelegate.h; sourceTree = "<group>"; };
		DBF093042196E297003F0159 /* ExtensionDelegate.m */ = {isa = PBXFileReference; lastKnownFileType = sourcecode.c.objc; path = ExtensionDelegate.m; sourceTree = "<group>"; };
		DBF093062196E297003F0159 /* NotificationController.h */ = {isa = PBXFileReference; lastKnownFileType = sourcecode.c.h; path = NotificationController.h; sourceTree = "<group>"; };
		DBF093072196E297003F0159 /* NotificationController.m */ = {isa = PBXFileReference; lastKnownFileType = sourcecode.c.objc; path = NotificationController.m; sourceTree = "<group>"; };
		DBF093092196E298003F0159 /* Assets.xcassets */ = {isa = PBXFileReference; lastKnownFileType = folder.assetcatalog; path = Assets.xcassets; sourceTree = "<group>"; };
		DBF0930B2196E298003F0159 /* Info.plist */ = {isa = PBXFileReference; lastKnownFileType = text.plist.xml; path = Info.plist; sourceTree = "<group>"; };
		DBF0930C2196E298003F0159 /* PushNotificationPayload.apns */ = {isa = PBXFileReference; lastKnownFileType = text; path = PushNotificationPayload.apns; sourceTree = "<group>"; };
		DBF9DDBD21916ADD0030D1AE /* ReadAloud.app */ = {isa = PBXFileReference; explicitFileType = wrapper.application; includeInIndex = 0; path = ReadAloud.app; sourceTree = BUILT_PRODUCTS_DIR; };
		DBF9DDC021916ADD0030D1AE /* AppDelegate.h */ = {isa = PBXFileReference; lastKnownFileType = sourcecode.c.h; path = AppDelegate.h; sourceTree = "<group>"; };
		DBF9DDC121916ADD0030D1AE /* AppDelegate.m */ = {isa = PBXFileReference; lastKnownFileType = sourcecode.c.objc; path = AppDelegate.m; sourceTree = "<group>"; };
		DBF9DDC721916ADD0030D1AE /* Base */ = {isa = PBXFileReference; lastKnownFileType = file.storyboard; name = Base; path = Base.lproj/Main.storyboard; sourceTree = "<group>"; };
		DBF9DDC921916AE00030D1AE /* Assets.xcassets */ = {isa = PBXFileReference; lastKnownFileType = folder.assetcatalog; path = Assets.xcassets; sourceTree = "<group>"; };
		DBF9DDCE21916AE00030D1AE /* Info.plist */ = {isa = PBXFileReference; lastKnownFileType = text.plist.xml; path = Info.plist; sourceTree = "<group>"; };
		DBF9DDCF21916AE00030D1AE /* main.m */ = {isa = PBXFileReference; lastKnownFileType = sourcecode.c.objc; path = main.m; sourceTree = "<group>"; };
		DBF9DDD521916AE00030D1AE /* ReadAloudTests.xctest */ = {isa = PBXFileReference; explicitFileType = wrapper.cfbundle; includeInIndex = 0; path = ReadAloudTests.xctest; sourceTree = BUILT_PRODUCTS_DIR; };
		DBF9DDD921916AE00030D1AE /* ReadAloudTests.m */ = {isa = PBXFileReference; lastKnownFileType = sourcecode.c.objc; path = ReadAloudTests.m; sourceTree = "<group>"; };
		DBF9DDDB21916AE00030D1AE /* Info.plist */ = {isa = PBXFileReference; lastKnownFileType = text.plist.xml; path = Info.plist; sourceTree = "<group>"; };
		DBF9DDE021916AE00030D1AE /* ReadAloudUITests.xctest */ = {isa = PBXFileReference; explicitFileType = wrapper.cfbundle; includeInIndex = 0; path = ReadAloudUITests.xctest; sourceTree = BUILT_PRODUCTS_DIR; };
		DBF9DDE421916AE00030D1AE /* ReadAloudUITests.m */ = {isa = PBXFileReference; lastKnownFileType = sourcecode.c.objc; path = ReadAloudUITests.m; sourceTree = "<group>"; };
		DBF9DDE621916AE00030D1AE /* Info.plist */ = {isa = PBXFileReference; lastKnownFileType = text.plist.xml; path = Info.plist; sourceTree = "<group>"; };
		DBF9DDF621916C260030D1AE /* BooklistViewController.h */ = {isa = PBXFileReference; lastKnownFileType = sourcecode.c.h; path = BooklistViewController.h; sourceTree = "<group>"; };
		DBF9DDF721916C260030D1AE /* BooklistViewController.m */ = {isa = PBXFileReference; lastKnownFileType = sourcecode.c.objc; path = BooklistViewController.m; sourceTree = "<group>"; };
		DBF9DDFD219176820030D1AE /* ReadBookModel.h */ = {isa = PBXFileReference; lastKnownFileType = sourcecode.c.h; path = ReadBookModel.h; sourceTree = "<group>"; };
		DBF9DDFE219176820030D1AE /* ReadBookModel.m */ = {isa = PBXFileReference; lastKnownFileType = sourcecode.c.objc; path = ReadBookModel.m; sourceTree = "<group>"; };
		DBF9DE0121917F390030D1AE /* AVFoundation.framework */ = {isa = PBXFileReference; lastKnownFileType = wrapper.framework; name = AVFoundation.framework; path = System/Library/Frameworks/AVFoundation.framework; sourceTree = SDKROOT; };
		DBF9DE03219183B00030D1AE /* ReadAloudManager.h */ = {isa = PBXFileReference; lastKnownFileType = sourcecode.c.h; path = ReadAloudManager.h; sourceTree = "<group>"; };
		DBF9DE04219183B00030D1AE /* ReadAloudManager.m */ = {isa = PBXFileReference; lastKnownFileType = sourcecode.c.objc; path = ReadAloudManager.m; sourceTree = "<group>"; };
		DBF9DE072191886D0030D1AE /* ZNload.gif */ = {isa = PBXFileReference; lastKnownFileType = image.gif; path = ZNload.gif; sourceTree = "<group>"; };
		DBF9DE0C2191887C0030D1AE /* ZJCustomHud.h */ = {isa = PBXFileReference; fileEncoding = 4; lastKnownFileType = sourcecode.c.h; path = ZJCustomHud.h; sourceTree = "<group>"; };
		DBF9DE0D2191887C0030D1AE /* ZJCustomHud.m */ = {isa = PBXFileReference; fileEncoding = 4; lastKnownFileType = sourcecode.c.objc; path = ZJCustomHud.m; sourceTree = "<group>"; };
		DBF9DE0F219188C10030D1AE /* PrefixHeader.pch */ = {isa = PBXFileReference; lastKnownFileType = sourcecode.c.h; path = PrefixHeader.pch; sourceTree = "<group>"; };
		DBF9DE10219189990030D1AE /* ZNUtil.h */ = {isa = PBXFileReference; fileEncoding = 4; lastKnownFileType = sourcecode.c.h; path = ZNUtil.h; sourceTree = "<group>"; };
		DBF9DE11219189990030D1AE /* ZNUtil.m */ = {isa = PBXFileReference; fileEncoding = 4; lastKnownFileType = sourcecode.c.objc; path = ZNUtil.m; sourceTree = "<group>"; };
		DBF9DE132191977E0030D1AE /* Launch Screen.storyboard */ = {isa = PBXFileReference; lastKnownFileType = file.storyboard; path = "Launch Screen.storyboard"; sourceTree = "<group>"; };
		DBF9DE1521919D630030D1AE /* ReadViewController.h */ = {isa = PBXFileReference; lastKnownFileType = sourcecode.c.h; path = ReadViewController.h; sourceTree = "<group>"; };
		DBF9DE1621919D630030D1AE /* ReadViewController.m */ = {isa = PBXFileReference; lastKnownFileType = sourcecode.c.objc; path = ReadViewController.m; sourceTree = "<group>"; };
/* End PBXFileReference section */

/* Begin PBXFrameworksBuildPhase section */
		DBCBABAD21956CAD00341B29 /* Frameworks */ = {
			isa = PBXFrameworksBuildPhase;
			buildActionMask = 2147483647;
			files = (
				DBCBABB221956CAD00341B29 /* NotificationCenter.framework in Frameworks */,
			);
			runOnlyForDeploymentPostprocessing = 0;
		};
		DBCBABC621958B1200341B29 /* Frameworks */ = {
			isa = PBXFrameworksBuildPhase;
			buildActionMask = 2147483647;
			files = (
			);
			runOnlyForDeploymentPostprocessing = 0;
		};
		DBCBABD021958B1200341B29 /* Frameworks */ = {
			isa = PBXFrameworksBuildPhase;
			buildActionMask = 2147483647;
			files = (
				DBCBABD521958B1200341B29 /* IntentsUI.framework in Frameworks */,
			);
			runOnlyForDeploymentPostprocessing = 0;
		};
		DBF092F82196E297003F0159 /* Frameworks */ = {
			isa = PBXFrameworksBuildPhase;
			buildActionMask = 2147483647;
			files = (
			);
			runOnlyForDeploymentPostprocessing = 0;
		};
		DBF9DDBA21916ADD0030D1AE /* Frameworks */ = {
			isa = PBXFrameworksBuildPhase;
			buildActionMask = 2147483647;
			files = (
				DBF9DE0221917F390030D1AE /* AVFoundation.framework in Frameworks */,
			);
			runOnlyForDeploymentPostprocessing = 0;
		};
		DBF9DDD221916AE00030D1AE /* Frameworks */ = {
			isa = PBXFrameworksBuildPhase;
			buildActionMask = 2147483647;
			files = (
			);
			runOnlyForDeploymentPostprocessing = 0;
		};
		DBF9DDDD21916AE00030D1AE /* Frameworks */ = {
			isa = PBXFrameworksBuildPhase;
			buildActionMask = 2147483647;
			files = (
			);
			runOnlyForDeploymentPostprocessing = 0;
		};
/* End PBXFrameworksBuildPhase section */

/* Begin PBXGroup section */
		DBCBABB321956CAD00341B29 /* TodayWidget */ = {
			isa = PBXGroup;
			children = (
				DBCBABC42195746400341B29 /* TodayWidget.entitlements */,
				DBCBABB421956CAD00341B29 /* TodayViewController.h */,
				DBCBABB521956CAD00341B29 /* TodayViewController.m */,
				DBCBABBA21956CAD00341B29 /* Info.plist */,
			);
			path = TodayWidget;
			sourceTree = "<group>";
		};
		DBCBABCA21958B1200341B29 /* SiriIntentsExtension */ = {
			isa = PBXGroup;
			children = (
				DBCBABCB21958B1200341B29 /* IntentHandler.h */,
				DBCBABCC21958B1200341B29 /* IntentHandler.m */,
				DBCBABCE21958B1200341B29 /* Info.plist */,
			);
			path = SiriIntentsExtension;
			sourceTree = "<group>";
		};
		DBCBABD621958B1200341B29 /* SiriIntentsExtensionUI */ = {
			isa = PBXGroup;
			children = (
				DBCBABD721958B1200341B29 /* IntentViewController.h */,
				DBCBABD821958B1200341B29 /* IntentViewController.m */,
				DBCBABDA21958B1200341B29 /* MainInterface.storyboard */,
				DBCBABDD21958B1200341B29 /* Info.plist */,
			);
			path = SiriIntentsExtensionUI;
			sourceTree = "<group>";
		};
		DBF092F02196E295003F0159 /* Witch */ = {
			isa = PBXGroup;
			children = (
				DBF092F12196E296003F0159 /* Interface.storyboard */,
				DBF092F42196E297003F0159 /* Assets.xcassets */,
				DBF092F62196E297003F0159 /* Info.plist */,
			);
			path = Witch;
			sourceTree = "<group>";
		};
		DBF092FF2196E297003F0159 /* Witch Extension */ = {
			isa = PBXGroup;
			children = (
				DBF093002196E297003F0159 /* InterfaceController.h */,
				DBF093012196E297003F0159 /* InterfaceController.m */,
				DBF093032196E297003F0159 /* ExtensionDelegate.h */,
				DBF093042196E297003F0159 /* ExtensionDelegate.m */,
				DBF093062196E297003F0159 /* NotificationController.h */,
				DBF093072196E297003F0159 /* NotificationController.m */,
				DBF093092196E298003F0159 /* Assets.xcassets */,
				DBF0930B2196E298003F0159 /* Info.plist */,
				DBF0930C2196E298003F0159 /* PushNotificationPayload.apns */,
			);
			path = "Witch Extension";
			sourceTree = "<group>";
		};
		DBF9DDB421916ADD0030D1AE = {
			isa = PBXGroup;
			children = (
				DBF9DDBF21916ADD0030D1AE /* ReadAloud */,
				DBF9DDD821916AE00030D1AE /* ReadAloudTests */,
				DBF9DDE321916AE00030D1AE /* ReadAloudUITests */,
				DBCBABB321956CAD00341B29 /* TodayWidget */,
				DBCBABCA21958B1200341B29 /* SiriIntentsExtension */,
				DBCBABD621958B1200341B29 /* SiriIntentsExtensionUI */,
				DBF092F02196E295003F0159 /* Witch */,
				DBF092FF2196E297003F0159 /* Witch Extension */,
				DBF9DDBE21916ADD0030D1AE /* Products */,
				DBF9DE0021917F390030D1AE /* Frameworks */,
			);
			sourceTree = "<group>";
		};
		DBF9DDBE21916ADD0030D1AE /* Products */ = {
			isa = PBXGroup;
			children = (
				DBF9DDBD21916ADD0030D1AE /* ReadAloud.app */,
				DBF9DDD521916AE00030D1AE /* ReadAloudTests.xctest */,
				DBF9DDE021916AE00030D1AE /* ReadAloudUITests.xctest */,
				DBCBABB021956CAD00341B29 /* TodayWidget.appex */,
				DBCBABC921958B1200341B29 /* SiriIntentsExtension.appex */,
				DBCBABD321958B1200341B29 /* SiriIntentsExtensionUI.appex */,
				DBF092EF2196E295003F0159 /* Witch.app */,
				DBF092FB2196E297003F0159 /* Witch Extension.appex */,
			);
			name = Products;
			sourceTree = "<group>";
		};
		DBF9DDBF21916ADD0030D1AE /* ReadAloud */ = {
			isa = PBXGroup;
			children = (
				DBCBABAB219553A600341B29 /* ReadAloud.entitlements */,
				DBF9DE062191884F0030D1AE /* Tools */,
				DBF9DDF221916B160030D1AE /* Classes */,
				DBF9DDC021916ADD0030D1AE /* AppDelegate.h */,
				DBF9DDC121916ADD0030D1AE /* AppDelegate.m */,
				DBF9DDC621916ADD0030D1AE /* Main.storyboard */,
				DBF9DE132191977E0030D1AE /* Launch Screen.storyboard */,
				DBF9DDC921916AE00030D1AE /* Assets.xcassets */,
				DBF9DDCE21916AE00030D1AE /* Info.plist */,
				DBF9DDCF21916AE00030D1AE /* main.m */,
				DBCBABA5219438D400341B29 /* 星辰变(内置).txt */,
				DBF9DE0F219188C10030D1AE /* PrefixHeader.pch */,
			);
			path = ReadAloud;
			sourceTree = "<group>";
		};
		DBF9DDD821916AE00030D1AE /* ReadAloudTests */ = {
			isa = PBXGroup;
			children = (
				DBF9DDD921916AE00030D1AE /* ReadAloudTests.m */,
				DBF9DDDB21916AE00030D1AE /* Info.plist */,
			);
			path = ReadAloudTests;
			sourceTree = "<group>";
		};
		DBF9DDE321916AE00030D1AE /* ReadAloudUITests */ = {
			isa = PBXGroup;
			children = (
				DBF9DDE421916AE00030D1AE /* ReadAloudUITests.m */,
				DBF9DDE621916AE00030D1AE /* Info.plist */,
			);
			path = ReadAloudUITests;
			sourceTree = "<group>";
		};
		DBF9DDF221916B160030D1AE /* Classes */ = {
			isa = PBXGroup;
			children = (
				DBF9DE1821919E470030D1AE /* Reading */,
				DBF9DDF921916F920030D1AE /* homePage */,
			);
			path = Classes;
			sourceTree = "<group>";
		};
		DBF9DDF921916F920030D1AE /* homePage */ = {
			isa = PBXGroup;
			children = (
				DBF9DDFA21916F920030D1AE /* controller */,
				DBF9DDFB21916F920030D1AE /* model */,
				DBF9DDFC21916F920030D1AE /* views */,
			);
			path = homePage;
			sourceTree = "<group>";
		};
		DBF9DDFA21916F920030D1AE /* controller */ = {
			isa = PBXGroup;
			children = (
				DBF9DDF621916C260030D1AE /* BooklistViewController.h */,
				DBF9DDF721916C260030D1AE /* BooklistViewController.m */,
				DBCBABA22194120F00341B29 /* SetingViewController.h */,
				DBCBABA32194120F00341B29 /* SetingViewController.m */,
			);
			path = controller;
			sourceTree = "<group>";
		};
		DBF9DDFB21916F920030D1AE /* model */ = {
			isa = PBXGroup;
			children = (
				DBF9DDFD219176820030D1AE /* ReadBookModel.h */,
				DBF9DDFE219176820030D1AE /* ReadBookModel.m */,
				DBBC075D219289AE002B97FA /* ReadChapterModel.h */,
				DBBC075E219289AE002B97FA /* ReadChapterModel.m */,
				DBF9DE03219183B00030D1AE /* ReadAloudManager.h */,
				DBF9DE04219183B00030D1AE /* ReadAloudManager.m */,
				DBBC0757219280F7002B97FA /* ReadAloudParser.h */,
				DBBC0758219280F7002B97FA /* ReadAloudParser.m */,
			);
			path = model;
			sourceTree = "<group>";
		};
		DBF9DDFC21916F920030D1AE /* views */ = {
			isa = PBXGroup;
			children = (
			);
			path = views;
			sourceTree = "<group>";
		};
		DBF9DE0021917F390030D1AE /* Frameworks */ = {
			isa = PBXGroup;
			children = (
				DBF9DE0121917F390030D1AE /* AVFoundation.framework */,
				DBCBABB121956CAD00341B29 /* NotificationCenter.framework */,
				DBCBABD421958B1200341B29 /* IntentsUI.framework */,
			);
			name = Frameworks;
			sourceTree = "<group>";
		};
		DBF9DE062191884F0030D1AE /* Tools */ = {
			isa = PBXGroup;
			children = (
				DBF9DE072191886D0030D1AE /* ZNload.gif */,
				DBF9DE10219189990030D1AE /* ZNUtil.h */,
				DBF9DE11219189990030D1AE /* ZNUtil.m */,
				DBF9DE0C2191887C0030D1AE /* ZJCustomHud.h */,
				DBF9DE0D2191887C0030D1AE /* ZJCustomHud.m */,
			);
			path = Tools;
			sourceTree = "<group>";
		};
		DBF9DE1821919E470030D1AE /* Reading */ = {
			isa = PBXGroup;
			children = (
				DBF9DE1921919E470030D1AE /* controller */,
				DBF9DE1A21919E470030D1AE /* model */,
				DBF9DE1B21919E470030D1AE /* views */,
			);
			path = Reading;
			sourceTree = "<group>";
		};
		DBF9DE1921919E470030D1AE /* controller */ = {
			isa = PBXGroup;
			children = (
				DBF9DE1521919D630030D1AE /* ReadViewController.h */,
				DBF9DE1621919D630030D1AE /* ReadViewController.m */,
			);
			path = controller;
			sourceTree = "<group>";
		};
		DBF9DE1A21919E470030D1AE /* model */ = {
			isa = PBXGroup;
			children = (
			);
			path = model;
			sourceTree = "<group>";
		};
		DBF9DE1B21919E470030D1AE /* views */ = {
			isa = PBXGroup;
			children = (
			);
			path = views;
			sourceTree = "<group>";
		};
/* End PBXGroup section */

/* Begin PBXNativeTarget section */
		DBCBABAF21956CAD00341B29 /* TodayWidget */ = {
			isa = PBXNativeTarget;
			buildConfigurationList = DBCBABBE21956CAD00341B29 /* Build configuration list for PBXNativeTarget "TodayWidget" */;
			buildPhases = (
				DBCBABAC21956CAD00341B29 /* Sources */,
				DBCBABAD21956CAD00341B29 /* Frameworks */,
				DBCBABAE21956CAD00341B29 /* Resources */,
			);
			buildRules = (
			);
			dependencies = (
			);
			name = TodayWidget;
			productName = TodayWidget;
			productReference = DBCBABB021956CAD00341B29 /* TodayWidget.appex */;
			productType = "com.apple.product-type.app-extension";
		};
		DBCBABC821958B1200341B29 /* SiriIntentsExtension */ = {
			isa = PBXNativeTarget;
			buildConfigurationList = DBCBABE721958B1200341B29 /* Build configuration list for PBXNativeTarget "SiriIntentsExtension" */;
			buildPhases = (
				DBCBABC521958B1200341B29 /* Sources */,
				DBCBABC621958B1200341B29 /* Frameworks */,
				DBCBABC721958B1200341B29 /* Resources */,
			);
			buildRules = (
			);
			dependencies = (
			);
			name = SiriIntentsExtension;
			productName = SiriIntentsExtension;
			productReference = DBCBABC921958B1200341B29 /* SiriIntentsExtension.appex */;
			productType = "com.apple.product-type.app-extension";
		};
		DBCBABD221958B1200341B29 /* SiriIntentsExtensionUI */ = {
			isa = PBXNativeTarget;
			buildConfigurationList = DBCBABE421958B1200341B29 /* Build configuration list for PBXNativeTarget "SiriIntentsExtensionUI" */;
			buildPhases = (
				DBCBABCF21958B1200341B29 /* Sources */,
				DBCBABD021958B1200341B29 /* Frameworks */,
				DBCBABD121958B1200341B29 /* Resources */,
			);
			buildRules = (
			);
			dependencies = (
			);
			name = SiriIntentsExtensionUI;
			productName = SiriIntentsExtensionUI;
			productReference = DBCBABD321958B1200341B29 /* SiriIntentsExtensionUI.appex */;
			productType = "com.apple.product-type.app-extension";
		};
		DBF092EE2196E295003F0159 /* Witch */ = {
			isa = PBXNativeTarget;
			buildConfigurationList = DBF093162196E298003F0159 /* Build configuration list for PBXNativeTarget "Witch" */;
			buildPhases = (
				DBF092ED2196E295003F0159 /* Resources */,
				DBF093152196E298003F0159 /* Embed App Extensions */,
			);
			buildRules = (
			);
			dependencies = (
				DBF092FE2196E297003F0159 /* PBXTargetDependency */,
			);
			name = Witch;
			productName = Witch;
			productReference = DBF092EF2196E295003F0159 /* Witch.app */;
			productType = "com.apple.product-type.application.watchapp2";
		};
		DBF092FA2196E297003F0159 /* Witch Extension */ = {
			isa = PBXNativeTarget;
			buildConfigurationList = DBF093142196E298003F0159 /* Build configuration list for PBXNativeTarget "Witch Extension" */;
			buildPhases = (
				DBF092F72196E297003F0159 /* Sources */,
				DBF092F82196E297003F0159 /* Frameworks */,
				DBF092F92196E297003F0159 /* Resources */,
			);
			buildRules = (
			);
			dependencies = (
			);
			name = "Witch Extension";
			productName = "Witch Extension";
			productReference = DBF092FB2196E297003F0159 /* Witch Extension.appex */;
			productType = "com.apple.product-type.watchkit2-extension";
		};
		DBF9DDBC21916ADD0030D1AE /* ReadAloud */ = {
			isa = PBXNativeTarget;
			buildConfigurationList = DBF9DDE921916AE10030D1AE /* Build configuration list for PBXNativeTarget "ReadAloud" */;
			buildPhases = (
				DBF9DDB921916ADD0030D1AE /* Sources */,
				DBF9DDBA21916ADD0030D1AE /* Frameworks */,
				DBF9DDBB21916ADD0030D1AE /* Resources */,
				DBCBABC121956CAD00341B29 /* Embed App Extensions */,
				DBF093172196E298003F0159 /* Embed Watch Content */,
			);
			buildRules = (
			);
			dependencies = (
				DBCBABBC21956CAD00341B29 /* PBXTargetDependency */,
				DBCBABDF21958B1200341B29 /* PBXTargetDependency */,
				DBCBABE221958B1200341B29 /* PBXTargetDependency */,
				DBF0930E2196E298003F0159 /* PBXTargetDependency */,
			);
			name = ReadAloud;
			productName = ReadAloud;
			productReference = DBF9DDBD21916ADD0030D1AE /* ReadAloud.app */;
			productType = "com.apple.product-type.application";
		};
		DBF9DDD421916AE00030D1AE /* ReadAloudTests */ = {
			isa = PBXNativeTarget;
			buildConfigurationList = DBF9DDEC21916AE10030D1AE /* Build configuration list for PBXNativeTarget "ReadAloudTests" */;
			buildPhases = (
				DBF9DDD121916AE00030D1AE /* Sources */,
				DBF9DDD221916AE00030D1AE /* Frameworks */,
				DBF9DDD321916AE00030D1AE /* Resources */,
			);
			buildRules = (
			);
			dependencies = (
				DBF9DDD721916AE00030D1AE /* PBXTargetDependency */,
			);
			name = ReadAloudTests;
			productName = ReadAloudTests;
			productReference = DBF9DDD521916AE00030D1AE /* ReadAloudTests.xctest */;
			productType = "com.apple.product-type.bundle.unit-test";
		};
		DBF9DDDF21916AE00030D1AE /* ReadAloudUITests */ = {
			isa = PBXNativeTarget;
			buildConfigurationList = DBF9DDEF21916AE10030D1AE /* Build configuration list for PBXNativeTarget "ReadAloudUITests" */;
			buildPhases = (
				DBF9DDDC21916AE00030D1AE /* Sources */,
				DBF9DDDD21916AE00030D1AE /* Frameworks */,
				DBF9DDDE21916AE00030D1AE /* Resources */,
			);
			buildRules = (
			);
			dependencies = (
				DBF9DDE221916AE00030D1AE /* PBXTargetDependency */,
			);
			name = ReadAloudUITests;
			productName = ReadAloudUITests;
			productReference = DBF9DDE021916AE00030D1AE /* ReadAloudUITests.xctest */;
			productType = "com.apple.product-type.bundle.ui-testing";
		};
/* End PBXNativeTarget section */

/* Begin PBXProject section */
		DBF9DDB521916ADD0030D1AE /* Project object */ = {
			isa = PBXProject;
			attributes = {
				LastUpgradeCheck = 1000;
				ORGANIZATIONNAME = "卢腾达";
				TargetAttributes = {
					DBCBABAF21956CAD00341B29 = {
						CreatedOnToolsVersion = 10.1;
						SystemCapabilities = {
							com.apple.ApplicationGroups.iOS = {
								enabled = 1;
							};
						};
					};
					DBCBABC821958B1200341B29 = {
						CreatedOnToolsVersion = 10.1;
					};
					DBCBABD221958B1200341B29 = {
						CreatedOnToolsVersion = 10.1;
					};
					DBF092EE2196E295003F0159 = {
						CreatedOnToolsVersion = 10.1;
					};
					DBF092FA2196E297003F0159 = {
						CreatedOnToolsVersion = 10.1;
					};
					DBF9DDBC21916ADD0030D1AE = {
						CreatedOnToolsVersion = 10.0;
						SystemCapabilities = {
							com.apple.ApplicationGroups.iOS = {
								enabled = 1;
							};
							com.apple.BackgroundModes = {
								enabled = 1;
							};
							com.apple.Siri = {
								enabled = 1;
							};
						};
					};
					DBF9DDD421916AE00030D1AE = {
						CreatedOnToolsVersion = 10.0;
						TestTargetID = DBF9DDBC21916ADD0030D1AE;
					};
					DBF9DDDF21916AE00030D1AE = {
						CreatedOnToolsVersion = 10.0;
						TestTargetID = DBF9DDBC21916ADD0030D1AE;
					};
				};
			};
			buildConfigurationList = DBF9DDB821916ADD0030D1AE /* Build configuration list for PBXProject "ReadAloud" */;
			compatibilityVersion = "Xcode 9.3";
			developmentRegion = en;
			hasScannedForEncodings = 0;
			knownRegions = (
				en,
				Base,
			);
			mainGroup = DBF9DDB421916ADD0030D1AE;
			productRefGroup = DBF9DDBE21916ADD0030D1AE /* Products */;
			projectDirPath = "";
			projectRoot = "";
			targets = (
				DBF9DDBC21916ADD0030D1AE /* ReadAloud */,
				DBF9DDD421916AE00030D1AE /* ReadAloudTests */,
				DBF9DDDF21916AE00030D1AE /* ReadAloudUITests */,
				DBCBABAF21956CAD00341B29 /* TodayWidget */,
				DBCBABC821958B1200341B29 /* SiriIntentsExtension */,
				DBCBABD221958B1200341B29 /* SiriIntentsExtensionUI */,
				DBF092EE2196E295003F0159 /* Witch */,
				DBF092FA2196E297003F0159 /* Witch Extension */,
			);
		};
/* End PBXProject section */

/* Begin PBXResourcesBuildPhase section */
		DBCBABAE21956CAD00341B29 /* Resources */ = {
			isa = PBXResourcesBuildPhase;
			buildActionMask = 2147483647;
			files = (
			);
			runOnlyForDeploymentPostprocessing = 0;
		};
		DBCBABC721958B1200341B29 /* Resources */ = {
			isa = PBXResourcesBuildPhase;
			buildActionMask = 2147483647;
			files = (
			);
			runOnlyForDeploymentPostprocessing = 0;
		};
		DBCBABD121958B1200341B29 /* Resources */ = {
			isa = PBXResourcesBuildPhase;
			buildActionMask = 2147483647;
			files = (
				DBCBABDC21958B1200341B29 /* MainInterface.storyboard in Resources */,
			);
			runOnlyForDeploymentPostprocessing = 0;
		};
		DBF092ED2196E295003F0159 /* Resources */ = {
			isa = PBXResourcesBuildPhase;
			buildActionMask = 2147483647;
			files = (
				DBF092F52196E297003F0159 /* Assets.xcassets in Resources */,
				DBF092F32196E296003F0159 /* Interface.storyboard in Resources */,
			);
			runOnlyForDeploymentPostprocessing = 0;
		};
		DBF092F92196E297003F0159 /* Resources */ = {
			isa = PBXResourcesBuildPhase;
			buildActionMask = 2147483647;
			files = (
				DBF0930A2196E298003F0159 /* Assets.xcassets in Resources */,
			);
			runOnlyForDeploymentPostprocessing = 0;
		};
		DBF9DDBB21916ADD0030D1AE /* Resources */ = {
			isa = PBXResourcesBuildPhase;
			buildActionMask = 2147483647;
			files = (
				DBF9DDCA21916AE00030D1AE /* Assets.xcassets in Resources */,
				DBF9DDC821916ADD0030D1AE /* Main.storyboard in Resources */,
				DBCBABA6219438D400341B29 /* 星辰变(内置).txt in Resources */,
				DBF9DE142191977E0030D1AE /* Launch Screen.storyboard in Resources */,
				DBF9DE0A2191886E0030D1AE /* ZNload.gif in Resources */,
			);
			runOnlyForDeploymentPostprocessing = 0;
		};
		DBF9DDD321916AE00030D1AE /* Resources */ = {
			isa = PBXResourcesBuildPhase;
			buildActionMask = 2147483647;
			files = (
			);
			runOnlyForDeploymentPostprocessing = 0;
		};
		DBF9DDDE21916AE00030D1AE /* Resources */ = {
			isa = PBXResourcesBuildPhase;
			buildActionMask = 2147483647;
			files = (
			);
			runOnlyForDeploymentPostprocessing = 0;
		};
/* End PBXResourcesBuildPhase section */

/* Begin PBXSourcesBuildPhase section */
		DBCBABAC21956CAD00341B29 /* Sources */ = {
			isa = PBXSourcesBuildPhase;
			buildActionMask = 2147483647;
			files = (
				DBCBABB621956CAD00341B29 /* TodayViewController.m in Sources */,
			);
			runOnlyForDeploymentPostprocessing = 0;
		};
		DBCBABC521958B1200341B29 /* Sources */ = {
			isa = PBXSourcesBuildPhase;
			buildActionMask = 2147483647;
			files = (
				DBCBABCD21958B1200341B29 /* IntentHandler.m in Sources */,
			);
			runOnlyForDeploymentPostprocessing = 0;
		};
		DBCBABCF21958B1200341B29 /* Sources */ = {
			isa = PBXSourcesBuildPhase;
			buildActionMask = 2147483647;
			files = (
				DBCBABD921958B1200341B29 /* IntentViewController.m in Sources */,
			);
			runOnlyForDeploymentPostprocessing = 0;
		};
		DBF092F72196E297003F0159 /* Sources */ = {
			isa = PBXSourcesBuildPhase;
			buildActionMask = 2147483647;
			files = (
				DBF093052196E297003F0159 /* ExtensionDelegate.m in Sources */,
				DBF093022196E297003F0159 /* InterfaceController.m in Sources */,
				DBF093082196E297003F0159 /* NotificationController.m in Sources */,
			);
			runOnlyForDeploymentPostprocessing = 0;
		};
		DBF9DDB921916ADD0030D1AE /* Sources */ = {
			isa = PBXSourcesBuildPhase;
			buildActionMask = 2147483647;
			files = (
				DBF9DE05219183B00030D1AE /* ReadAloudManager.m in Sources */,
				DBF9DDD021916AE00030D1AE /* main.m in Sources */,
				DBCBABA42194120F00341B29 /* SetingViewController.m in Sources */,
				DBF9DE1721919D630030D1AE /* ReadViewController.m in Sources */,
				DBF9DE12219189990030D1AE /* ZNUtil.m in Sources */,
				DBF9DDC221916ADD0030D1AE /* AppDelegate.m in Sources */,
				DBBC075F219289AE002B97FA /* ReadChapterModel.m in Sources */,
				DBF9DDFF219176820030D1AE /* ReadBookModel.m in Sources */,
				DBBC0759219280F7002B97FA /* ReadAloudParser.m in Sources */,
				DBF9DE0E2191887C0030D1AE /* ZJCustomHud.m in Sources */,
				DBF9DDF821916C260030D1AE /* BooklistViewController.m in Sources */,
			);
			runOnlyForDeploymentPostprocessing = 0;
		};
		DBF9DDD121916AE00030D1AE /* Sources */ = {
			isa = PBXSourcesBuildPhase;
			buildActionMask = 2147483647;
			files = (
				DBF9DDDA21916AE00030D1AE /* ReadAloudTests.m in Sources */,
			);
			runOnlyForDeploymentPostprocessing = 0;
		};
		DBF9DDDC21916AE00030D1AE /* Sources */ = {
			isa = PBXSourcesBuildPhase;
			buildActionMask = 2147483647;
			files = (
				DBF9DDE521916AE00030D1AE /* ReadAloudUITests.m in Sources */,
			);
			runOnlyForDeploymentPostprocessing = 0;
		};
/* End PBXSourcesBuildPhase section */

/* Begin PBXTargetDependency section */
		DBCBABBC21956CAD00341B29 /* PBXTargetDependency */ = {
			isa = PBXTargetDependency;
			target = DBCBABAF21956CAD00341B29 /* TodayWidget */;
			targetProxy = DBCBABBB21956CAD00341B29 /* PBXContainerItemProxy */;
		};
		DBCBABDF21958B1200341B29 /* PBXTargetDependency */ = {
			isa = PBXTargetDependency;
			target = DBCBABD221958B1200341B29 /* SiriIntentsExtensionUI */;
			targetProxy = DBCBABDE21958B1200341B29 /* PBXContainerItemProxy */;
		};
		DBCBABE221958B1200341B29 /* PBXTargetDependency */ = {
			isa = PBXTargetDependency;
			target = DBCBABC821958B1200341B29 /* SiriIntentsExtension */;
			targetProxy = DBCBABE121958B1200341B29 /* PBXContainerItemProxy */;
		};
		DBF092FE2196E297003F0159 /* PBXTargetDependency */ = {
			isa = PBXTargetDependency;
			target = DBF092FA2196E297003F0159 /* Witch Extension */;
			targetProxy = DBF092FD2196E297003F0159 /* PBXContainerItemProxy */;
		};
		DBF0930E2196E298003F0159 /* PBXTargetDependency */ = {
			isa = PBXTargetDependency;
			target = DBF092EE2196E295003F0159 /* Witch */;
			targetProxy = DBF0930D2196E298003F0159 /* PBXContainerItemProxy */;
		};
		DBF9DDD721916AE00030D1AE /* PBXTargetDependency */ = {
			isa = PBXTargetDependency;
			target = DBF9DDBC21916ADD0030D1AE /* ReadAloud */;
			targetProxy = DBF9DDD621916AE00030D1AE /* PBXContainerItemProxy */;
		};
		DBF9DDE221916AE00030D1AE /* PBXTargetDependency */ = {
			isa = PBXTargetDependency;
			target = DBF9DDBC21916ADD0030D1AE /* ReadAloud */;
			targetProxy = DBF9DDE121916AE00030D1AE /* PBXContainerItemProxy */;
		};
/* End PBXTargetDependency section */

/* Begin PBXVariantGroup section */
		DBCBABDA21958B1200341B29 /* MainInterface.storyboard */ = {
			isa = PBXVariantGroup;
			children = (
				DBCBABDB21958B1200341B29 /* Base */,
			);
			name = MainInterface.storyboard;
			sourceTree = "<group>";
		};
		DBF092F12196E296003F0159 /* Interface.storyboard */ = {
			isa = PBXVariantGroup;
			children = (
				DBF092F22196E296003F0159 /* Base */,
			);
			name = Interface.storyboard;
			sourceTree = "<group>";
		};
		DBF9DDC621916ADD0030D1AE /* Main.storyboard */ = {
			isa = PBXVariantGroup;
			children = (
				DBF9DDC721916ADD0030D1AE /* Base */,
			);
			name = Main.storyboard;
			sourceTree = "<group>";
		};
/* End PBXVariantGroup section */

/* Begin XCBuildConfiguration section */
		DBCBABBF21956CAD00341B29 /* Debug */ = {
			isa = XCBuildConfiguration;
			buildSettings = {
				CODE_SIGN_ENTITLEMENTS = TodayWidget/TodayWidget.entitlements;
				CODE_SIGN_STYLE = Automatic;
				DEVELOPMENT_TEAM = Q65UTQ4J86;
				INFOPLIST_FILE = TodayWidget/Info.plist;
				IPHONEOS_DEPLOYMENT_TARGET = 12.1;
				LD_RUNPATH_SEARCH_PATHS = (
					"$(inherited)",
					"@executable_path/Frameworks",
					"@executable_path/../../Frameworks",
				);
				PRODUCT_BUNDLE_IDENTIFIER = com.lutengda.ReadAloud.TodayWidget;
				PRODUCT_NAME = "$(TARGET_NAME)";
				SKIP_INSTALL = YES;
				TARGETED_DEVICE_FAMILY = "1,2";
			};
			name = Debug;
		};
		DBCBABC021956CAD00341B29 /* Release */ = {
			isa = XCBuildConfiguration;
			buildSettings = {
				CODE_SIGN_ENTITLEMENTS = TodayWidget/TodayWidget.entitlements;
				CODE_SIGN_STYLE = Automatic;
				DEVELOPMENT_TEAM = Q65UTQ4J86;
				INFOPLIST_FILE = TodayWidget/Info.plist;
				IPHONEOS_DEPLOYMENT_TARGET = 12.1;
				LD_RUNPATH_SEARCH_PATHS = (
					"$(inherited)",
					"@executable_path/Frameworks",
					"@executable_path/../../Frameworks",
				);
				PRODUCT_BUNDLE_IDENTIFIER = com.lutengda.ReadAloud.TodayWidget;
				PRODUCT_NAME = "$(TARGET_NAME)";
				SKIP_INSTALL = YES;
				TARGETED_DEVICE_FAMILY = "1,2";
			};
			name = Release;
		};
		DBCBABE521958B1200341B29 /* Debug */ = {
			isa = XCBuildConfiguration;
			buildSettings = {
				CODE_SIGN_STYLE = Automatic;
				DEVELOPMENT_TEAM = Q65UTQ4J86;
				INFOPLIST_FILE = SiriIntentsExtensionUI/Info.plist;
				IPHONEOS_DEPLOYMENT_TARGET = 12.1;
				LD_RUNPATH_SEARCH_PATHS = (
					"$(inherited)",
					"@executable_path/Frameworks",
					"@executable_path/../../Frameworks",
				);
				PRODUCT_BUNDLE_IDENTIFIER = com.lutengda.ReadAloud.SiriIntentsExtensionUI;
				PRODUCT_NAME = "$(TARGET_NAME)";
				SKIP_INSTALL = YES;
				TARGETED_DEVICE_FAMILY = "1,2";
			};
			name = Debug;
		};
		DBCBABE621958B1200341B29 /* Release */ = {
			isa = XCBuildConfiguration;
			buildSettings = {
				CODE_SIGN_STYLE = Automatic;
				DEVELOPMENT_TEAM = Q65UTQ4J86;
				INFOPLIST_FILE = SiriIntentsExtensionUI/Info.plist;
				IPHONEOS_DEPLOYMENT_TARGET = 12.1;
				LD_RUNPATH_SEARCH_PATHS = (
					"$(inherited)",
					"@executable_path/Frameworks",
					"@executable_path/../../Frameworks",
				);
				PRODUCT_BUNDLE_IDENTIFIER = com.lutengda.ReadAloud.SiriIntentsExtensionUI;
				PRODUCT_NAME = "$(TARGET_NAME)";
				SKIP_INSTALL = YES;
				TARGETED_DEVICE_FAMILY = "1,2";
			};
			name = Release;
		};
		DBCBABE821958B1200341B29 /* Debug */ = {
			isa = XCBuildConfiguration;
			buildSettings = {
				CODE_SIGN_STYLE = Automatic;
				DEVELOPMENT_TEAM = Q65UTQ4J86;
				INFOPLIST_FILE = SiriIntentsExtension/Info.plist;
				IPHONEOS_DEPLOYMENT_TARGET = 12.1;
				LD_RUNPATH_SEARCH_PATHS = (
					"$(inherited)",
					"@executable_path/Frameworks",
					"@executable_path/../../Frameworks",
				);
				PRODUCT_BUNDLE_IDENTIFIER = com.lutengda.ReadAloud.SiriIntentsExtension;
				PRODUCT_NAME = "$(TARGET_NAME)";
				SKIP_INSTALL = YES;
				TARGETED_DEVICE_FAMILY = "1,2";
			};
			name = Debug;
		};
		DBCBABE921958B1200341B29 /* Release */ = {
			isa = XCBuildConfiguration;
			buildSettings = {
				CODE_SIGN_STYLE = Automatic;
				DEVELOPMENT_TEAM = Q65UTQ4J86;
				INFOPLIST_FILE = SiriIntentsExtension/Info.plist;
				IPHONEOS_DEPLOYMENT_TARGET = 12.1;
				LD_RUNPATH_SEARCH_PATHS = (
					"$(inherited)",
					"@executable_path/Frameworks",
					"@executable_path/../../Frameworks",
				);
				PRODUCT_BUNDLE_IDENTIFIER = com.lutengda.ReadAloud.SiriIntentsExtension;
				PRODUCT_NAME = "$(TARGET_NAME)";
				SKIP_INSTALL = YES;
				TARGETED_DEVICE_FAMILY = "1,2";
			};
			name = Release;
		};
		DBF093102196E298003F0159 /* Debug */ = {
			isa = XCBuildConfiguration;
			buildSettings = {
				ASSETCATALOG_COMPILER_APPICON_NAME = AppIcon;
				CODE_SIGN_STYLE = Automatic;
				DEVELOPMENT_TEAM = Q65UTQ4J86;
				IBSC_MODULE = Witch_Extension;
				INFOPLIST_FILE = Witch/Info.plist;
				PRODUCT_BUNDLE_IDENTIFIER = com.lutengda.ReadAloud.watchkitapp;
				PRODUCT_NAME = "$(TARGET_NAME)";
				SDKROOT = watchos;
				SKIP_INSTALL = YES;
				TARGETED_DEVICE_FAMILY = 4;
				WATCHOS_DEPLOYMENT_TARGET = 5.1;
			};
			name = Debug;
		};
		DBF093112196E298003F0159 /* Release */ = {
			isa = XCBuildConfiguration;
			buildSettings = {
				ASSETCATALOG_COMPILER_APPICON_NAME = AppIcon;
				CODE_SIGN_STYLE = Automatic;
				DEVELOPMENT_TEAM = Q65UTQ4J86;
				IBSC_MODULE = Witch_Extension;
				INFOPLIST_FILE = Witch/Info.plist;
				PRODUCT_BUNDLE_IDENTIFIER = com.lutengda.ReadAloud.watchkitapp;
				PRODUCT_NAME = "$(TARGET_NAME)";
				SDKROOT = watchos;
				SKIP_INSTALL = YES;
				TARGETED_DEVICE_FAMILY = 4;
				WATCHOS_DEPLOYMENT_TARGET = 5.1;
			};
			name = Release;
		};
		DBF093122196E298003F0159 /* Debug */ = {
			isa = XCBuildConfiguration;
			buildSettings = {
				ASSETCATALOG_COMPILER_COMPLICATION_NAME = Complication;
				CODE_SIGN_STYLE = Automatic;
				INFOPLIST_FILE = "Witch Extension/Info.plist";
				LD_RUNPATH_SEARCH_PATHS = (
					"$(inherited)",
					"@executable_path/Frameworks",
					"@executable_path/../../Frameworks",
				);
				PRODUCT_BUNDLE_IDENTIFIER = com.lutengda.ReadAloud.watchkitapp.watchkitextension;
				PRODUCT_NAME = "${TARGET_NAME}";
				SDKROOT = watchos;
				SKIP_INSTALL = YES;
				TARGETED_DEVICE_FAMILY = 4;
				WATCHOS_DEPLOYMENT_TARGET = 5.1;
			};
			name = Debug;
		};
		DBF093132196E298003F0159 /* Release */ = {
			isa = XCBuildConfiguration;
			buildSettings = {
				ASSETCATALOG_COMPILER_COMPLICATION_NAME = Complication;
				CODE_SIGN_STYLE = Automatic;
				INFOPLIST_FILE = "Witch Extension/Info.plist";
				LD_RUNPATH_SEARCH_PATHS = (
					"$(inherited)",
					"@executable_path/Frameworks",
					"@executable_path/../../Frameworks",
				);
				PRODUCT_BUNDLE_IDENTIFIER = com.lutengda.ReadAloud.watchkitapp.watchkitextension;
				PRODUCT_NAME = "${TARGET_NAME}";
				SDKROOT = watchos;
				SKIP_INSTALL = YES;
				TARGETED_DEVICE_FAMILY = 4;
				WATCHOS_DEPLOYMENT_TARGET = 5.1;
			};
			name = Release;
		};
		DBF9DDE721916AE10030D1AE /* Debug */ = {
			isa = XCBuildConfiguration;
			buildSettings = {
				ALWAYS_SEARCH_USER_PATHS = NO;
				CLANG_ANALYZER_NONNULL = YES;
				CLANG_ANALYZER_NUMBER_OBJECT_CONVERSION = YES_AGGRESSIVE;
				CLANG_CXX_LANGUAGE_STANDARD = "gnu++14";
				CLANG_CXX_LIBRARY = "libc++";
				CLANG_ENABLE_MODULES = YES;
				CLANG_ENABLE_OBJC_ARC = YES;
				CLANG_ENABLE_OBJC_WEAK = YES;
				CLANG_WARN_BLOCK_CAPTURE_AUTORELEASING = YES;
				CLANG_WARN_BOOL_CONVERSION = YES;
				CLANG_WARN_COMMA = YES;
				CLANG_WARN_CONSTANT_CONVERSION = YES;
				CLANG_WARN_DEPRECATED_OBJC_IMPLEMENTATIONS = YES;
				CLANG_WARN_DIRECT_OBJC_ISA_USAGE = YES_ERROR;
				CLANG_WARN_DOCUMENTATION_COMMENTS = YES;
				CLANG_WARN_EMPTY_BODY = YES;
				CLANG_WARN_ENUM_CONVERSION = YES;
				CLANG_WARN_INFINITE_RECURSION = YES;
				CLANG_WARN_INT_CONVERSION = YES;
				CLANG_WARN_NON_LITERAL_NULL_CONVERSION = YES;
				CLANG_WARN_OBJC_IMPLICIT_RETAIN_SELF = YES;
				CLANG_WARN_OBJC_LITERAL_CONVERSION = YES;
				CLANG_WARN_OBJC_ROOT_CLASS = YES_ERROR;
				CLANG_WARN_RANGE_LOOP_ANALYSIS = YES;
				CLANG_WARN_STRICT_PROTOTYPES = YES;
				CLANG_WARN_SUSPICIOUS_MOVE = YES;
				CLANG_WARN_UNGUARDED_AVAILABILITY = YES_AGGRESSIVE;
				CLANG_WARN_UNREACHABLE_CODE = YES;
				CLANG_WARN__DUPLICATE_METHOD_MATCH = YES;
				CODE_SIGN_IDENTITY = "iPhone Developer";
				COPY_PHASE_STRIP = NO;
				DEBUG_INFORMATION_FORMAT = dwarf;
				ENABLE_STRICT_OBJC_MSGSEND = YES;
				ENABLE_TESTABILITY = YES;
				GCC_C_LANGUAGE_STANDARD = gnu11;
				GCC_DYNAMIC_NO_PIC = NO;
				GCC_NO_COMMON_BLOCKS = YES;
				GCC_OPTIMIZATION_LEVEL = 0;
				GCC_PREPROCESSOR_DEFINITIONS = (
					"DEBUG=1",
					"$(inherited)",
				);
				GCC_WARN_64_TO_32_BIT_CONVERSION = YES;
				GCC_WARN_ABOUT_RETURN_TYPE = YES_ERROR;
				GCC_WARN_UNDECLARED_SELECTOR = YES;
				GCC_WARN_UNINITIALIZED_AUTOS = YES_AGGRESSIVE;
				GCC_WARN_UNUSED_FUNCTION = YES;
				GCC_WARN_UNUSED_VARIABLE = YES;
				IPHONEOS_DEPLOYMENT_TARGET = 12.0;
				MTL_ENABLE_DEBUG_INFO = INCLUDE_SOURCE;
				MTL_FAST_MATH = YES;
				ONLY_ACTIVE_ARCH = YES;
				SDKROOT = iphoneos;
			};
			name = Debug;
		};
		DBF9DDE821916AE10030D1AE /* Release */ = {
			isa = XCBuildConfiguration;
			buildSettings = {
				ALWAYS_SEARCH_USER_PATHS = NO;
				CLANG_ANALYZER_NONNULL = YES;
				CLANG_ANALYZER_NUMBER_OBJECT_CONVERSION = YES_AGGRESSIVE;
				CLANG_CXX_LANGUAGE_STANDARD = "gnu++14";
				CLANG_CXX_LIBRARY = "libc++";
				CLANG_ENABLE_MODULES = YES;
				CLANG_ENABLE_OBJC_ARC = YES;
				CLANG_ENABLE_OBJC_WEAK = YES;
				CLANG_WARN_BLOCK_CAPTURE_AUTORELEASING = YES;
				CLANG_WARN_BOOL_CONVERSION = YES;
				CLANG_WARN_COMMA = YES;
				CLANG_WARN_CONSTANT_CONVERSION = YES;
				CLANG_WARN_DEPRECATED_OBJC_IMPLEMENTATIONS = YES;
				CLANG_WARN_DIRECT_OBJC_ISA_USAGE = YES_ERROR;
				CLANG_WARN_DOCUMENTATION_COMMENTS = YES;
				CLANG_WARN_EMPTY_BODY = YES;
				CLANG_WARN_ENUM_CONVERSION = YES;
				CLANG_WARN_INFINITE_RECURSION = YES;
				CLANG_WARN_INT_CONVERSION = YES;
				CLANG_WARN_NON_LITERAL_NULL_CONVERSION = YES;
				CLANG_WARN_OBJC_IMPLICIT_RETAIN_SELF = YES;
				CLANG_WARN_OBJC_LITERAL_CONVERSION = YES;
				CLANG_WARN_OBJC_ROOT_CLASS = YES_ERROR;
				CLANG_WARN_RANGE_LOOP_ANALYSIS = YES;
				CLANG_WARN_STRICT_PROTOTYPES = YES;
				CLANG_WARN_SUSPICIOUS_MOVE = YES;
				CLANG_WARN_UNGUARDED_AVAILABILITY = YES_AGGRESSIVE;
				CLANG_WARN_UNREACHABLE_CODE = YES;
				CLANG_WARN__DUPLICATE_METHOD_MATCH = YES;
				CODE_SIGN_IDENTITY = "iPhone Developer";
				COPY_PHASE_STRIP = NO;
				DEBUG_INFORMATION_FORMAT = "dwarf-with-dsym";
				ENABLE_NS_ASSERTIONS = NO;
				ENABLE_STRICT_OBJC_MSGSEND = YES;
				GCC_C_LANGUAGE_STANDARD = gnu11;
				GCC_NO_COMMON_BLOCKS = YES;
				GCC_WARN_64_TO_32_BIT_CONVERSION = YES;
				GCC_WARN_ABOUT_RETURN_TYPE = YES_ERROR;
				GCC_WARN_UNDECLARED_SELECTOR = YES;
				GCC_WARN_UNINITIALIZED_AUTOS = YES_AGGRESSIVE;
				GCC_WARN_UNUSED_FUNCTION = YES;
				GCC_WARN_UNUSED_VARIABLE = YES;
				IPHONEOS_DEPLOYMENT_TARGET = 12.0;
				MTL_ENABLE_DEBUG_INFO = NO;
				MTL_FAST_MATH = YES;
				SDKROOT = iphoneos;
				VALIDATE_PRODUCT = YES;
			};
			name = Release;
		};
		DBF9DDEA21916AE10030D1AE /* Debug */ = {
			isa = XCBuildConfiguration;
			buildSettings = {
				ASSETCATALOG_COMPILER_APPICON_NAME = AppIcon;
				CODE_SIGN_ENTITLEMENTS = ReadAloud/ReadAloud.entitlements;
				CODE_SIGN_STYLE = Automatic;
				DEVELOPMENT_TEAM = Q65UTQ4J86;
				GCC_PREFIX_HEADER = "$(SRCROOT)/$(PROJECT_NAME)/PrefixHeader.pch";
				INFOPLIST_FILE = ReadAloud/Info.plist;
				IPHONEOS_DEPLOYMENT_TARGET = 8.0;
				LD_RUNPATH_SEARCH_PATHS = (
					"$(inherited)",
					"@executable_path/Frameworks",
				);
				PRODUCT_BUNDLE_IDENTIFIER = com.lutengda.ReadAloud;
				PRODUCT_NAME = "$(TARGET_NAME)";
				TARGETED_DEVICE_FAMILY = 1;
			};
			name = Debug;
		};
		DBF9DDEB21916AE10030D1AE /* Release */ = {
			isa = XCBuildConfiguration;
			buildSettings = {
				ASSETCATALOG_COMPILER_APPICON_NAME = AppIcon;
				CODE_SIGN_ENTITLEMENTS = ReadAloud/ReadAloud.entitlements;
				CODE_SIGN_STYLE = Automatic;
				DEVELOPMENT_TEAM = Q65UTQ4J86;
				GCC_PREFIX_HEADER = "$(SRCROOT)/$(PROJECT_NAME)/PrefixHeader.pch";
				INFOPLIST_FILE = ReadAloud/Info.plist;
				IPHONEOS_DEPLOYMENT_TARGET = 8.0;
				LD_RUNPATH_SEARCH_PATHS = (
					"$(inherited)",
					"@executable_path/Frameworks",
				);
				PRODUCT_BUNDLE_IDENTIFIER = com.lutengda.ReadAloud;
				PRODUCT_NAME = "$(TARGET_NAME)";
				TARGETED_DEVICE_FAMILY = 1;
			};
			name = Release;
		};
		DBF9DDED21916AE10030D1AE /* Debug */ = {
			isa = XCBuildConfiguration;
			buildSettings = {
				BUNDLE_LOADER = "$(TEST_HOST)";
				CODE_SIGN_STYLE = Automatic;
				INFOPLIST_FILE = ReadAloudTests/Info.plist;
				LD_RUNPATH_SEARCH_PATHS = (
					"$(inherited)",
					"@executable_path/Frameworks",
					"@loader_path/Frameworks",
				);
				PRODUCT_BUNDLE_IDENTIFIER = com.lutengda.ReadAloudTests;
				PRODUCT_NAME = "$(TARGET_NAME)";
				TARGETED_DEVICE_FAMILY = "1,2";
				TEST_HOST = "$(BUILT_PRODUCTS_DIR)/ReadAloud.app/ReadAloud";
			};
			name = Debug;
		};
		DBF9DDEE21916AE10030D1AE /* Release */ = {
			isa = XCBuildConfiguration;
			buildSettings = {
				BUNDLE_LOADER = "$(TEST_HOST)";
				CODE_SIGN_STYLE = Automatic;
				INFOPLIST_FILE = ReadAloudTests/Info.plist;
				LD_RUNPATH_SEARCH_PATHS = (
					"$(inherited)",
					"@executable_path/Frameworks",
					"@loader_path/Frameworks",
				);
				PRODUCT_BUNDLE_IDENTIFIER = com.lutengda.ReadAloudTests;
				PRODUCT_NAME = "$(TARGET_NAME)";
				TARGETED_DEVICE_FAMILY = "1,2";
				TEST_HOST = "$(BUILT_PRODUCTS_DIR)/ReadAloud.app/ReadAloud";
			};
			name = Release;
		};
		DBF9DDF021916AE10030D1AE /* Debug */ = {
			isa = XCBuildConfiguration;
			buildSettings = {
				CODE_SIGN_STYLE = Automatic;
				INFOPLIST_FILE = ReadAloudUITests/Info.plist;
				LD_RUNPATH_SEARCH_PATHS = (
					"$(inherited)",
					"@executable_path/Frameworks",
					"@loader_path/Frameworks",
				);
				PRODUCT_BUNDLE_IDENTIFIER = com.lutengda.ReadAloudUITests;
				PRODUCT_NAME = "$(TARGET_NAME)";
				TARGETED_DEVICE_FAMILY = "1,2";
				TEST_TARGET_NAME = ReadAloud;
			};
			name = Debug;
		};
		DBF9DDF121916AE10030D1AE /* Release */ = {
			isa = XCBuildConfiguration;
			buildSettings = {
				CODE_SIGN_STYLE = Automatic;
				INFOPLIST_FILE = ReadAloudUITests/Info.plist;
				LD_RUNPATH_SEARCH_PATHS = (
					"$(inherited)",
					"@executable_path/Frameworks",
					"@loader_path/Frameworks",
				);
				PRODUCT_BUNDLE_IDENTIFIER = com.lutengda.ReadAloudUITests;
				PRODUCT_NAME = "$(TARGET_NAME)";
				TARGETED_DEVICE_FAMILY = "1,2";
				TEST_TARGET_NAME = ReadAloud;
			};
			name = Release;
		};
/* End XCBuildConfiguration section */

/* Begin XCConfigurationList section */
		DBCBABBE21956CAD00341B29 /* Build configuration list for PBXNativeTarget "TodayWidget" */ = {
			isa = XCConfigurationList;
			buildConfigurations = (
				DBCBABBF21956CAD00341B29 /* Debug */,
				DBCBABC021956CAD00341B29 /* Release */,
			);
			defaultConfigurationIsVisible = 0;
			defaultConfigurationName = Release;
		};
		DBCBABE421958B1200341B29 /* Build configuration list for PBXNativeTarget "SiriIntentsExtensionUI" */ = {
			isa = XCConfigurationList;
			buildConfigurations = (
				DBCBABE521958B1200341B29 /* Debug */,
				DBCBABE621958B1200341B29 /* Release */,
			);
			defaultConfigurationIsVisible = 0;
			defaultConfigurationName = Release;
		};
		DBCBABE721958B1200341B29 /* Build configuration list for PBXNativeTarget "SiriIntentsExtension" */ = {
			isa = XCConfigurationList;
			buildConfigurations = (
				DBCBABE821958B1200341B29 /* Debug */,
				DBCBABE921958B1200341B29 /* Release */,
			);
			defaultConfigurationIsVisible = 0;
			defaultConfigurationName = Release;
		};
		DBF093142196E298003F0159 /* Build configuration list for PBXNativeTarget "Witch Extension" */ = {
			isa = XCConfigurationList;
			buildConfigurations = (
				DBF093122196E298003F0159 /* Debug */,
				DBF093132196E298003F0159 /* Release */,
			);
			defaultConfigurationIsVisible = 0;
			defaultConfigurationName = Release;
		};
		DBF093162196E298003F0159 /* Build configuration list for PBXNativeTarget "Witch" */ = {
			isa = XCConfigurationList;
			buildConfigurations = (
				DBF093102196E298003F0159 /* Debug */,
				DBF093112196E298003F0159 /* Release */,
			);
			defaultConfigurationIsVisible = 0;
			defaultConfigurationName = Release;
		};
		DBF9DDB821916ADD0030D1AE /* Build configuration list for PBXProject "ReadAloud" */ = {
			isa = XCConfigurationList;
			buildConfigurations = (
				DBF9DDE721916AE10030D1AE /* Debug */,
				DBF9DDE821916AE10030D1AE /* Release */,
			);
			defaultConfigurationIsVisible = 0;
			defaultConfigurationName = Release;
		};
		DBF9DDE921916AE10030D1AE /* Build configuration list for PBXNativeTarget "ReadAloud" */ = {
			isa = XCConfigurationList;
			buildConfigurations = (
				DBF9DDEA21916AE10030D1AE /* Debug */,
				DBF9DDEB21916AE10030D1AE /* Release */,
			);
			defaultConfigurationIsVisible = 0;
			defaultConfigurationName = Release;
		};
		DBF9DDEC21916AE10030D1AE /* Build configuration list for PBXNativeTarget "ReadAloudTests" */ = {
			isa = XCConfigurationList;
			buildConfigurations = (
				DBF9DDED21916AE10030D1AE /* Debug */,
				DBF9DDEE21916AE10030D1AE /* Release */,
			);
			defaultConfigurationIsVisible = 0;
			defaultConfigurationName = Release;
		};
		DBF9DDEF21916AE10030D1AE /* Build configuration list for PBXNativeTarget "ReadAloudUITests" */ = {
			isa = XCConfigurationList;
			buildConfigurations = (
				DBF9DDF021916AE10030D1AE /* Debug */,
				DBF9DDF121916AE10030D1AE /* Release */,
			);
			defaultConfigurationIsVisible = 0;
			defaultConfigurationName = Release;
		};
/* End XCConfigurationList section */
	};
	rootObject = DBF9DDB521916ADD0030D1AE /* Project object */;
}
